<Solution>
  <Configurations>
    <Platform Name="x64" />
    <Platform Name="x86" />
  </Configurations>
  <Folder Name="/Assignments/">
    <Project Path="Assignment1/Assignment1.vcxproj" Id="8d803758-cff4-458c-893b-16388d331eb1" />
    <Project Path="Assignment2/Assignment2.vcxproj" Id="fd94419b-2c04-48d9-91e4-d062678f9b60" />
    <Project Path="Assignment3/Assignment3.vcxproj" Id="bf6e81b5-37d3-4fb5-9bf0-a90d79ef149d" />
    <Project Path="Assignment4/Assignment4.vcxproj" Id="5117d222-976e-4fee-9fea-d5c68179070b" />
    <Project Path="Assignment5/Assignment5.vcxproj" Id="352445a7-a550-41f4-a12a-2e0ab54ca0ce" />
    <Project Path="Assignment6/Assignment6.vcxproj" Id="343104ea-27c5-4f5f-8ab2-94a224f1baec" />
  </Folder>
  <Folder Name="/Exercises/">
    <Project Path="AdvancedSorting/AdvancedSorting.vcxproj" Id="4e2ca3b7-5dc6-4ef9-9901-4988300a7c7a" />
    <Project Path="ArraysAndVectors/ArraysAndVectors.vcxproj" Id="08089272-ac5c-4602-8188-417f983901d0" />
    <Project Path="Graph/Graph.vcxproj" Id="c0759c49-610f-4646-9085-4c15fe1d2338" />
    <Project Path="IteratorAndPriorityQueue/IteratorAndPriorityQueue.vcxproj" Id="64ace14a-8620-407e-8a02-1d7af7cc606c" />
    <Project Path="Maps/Maps.vcxproj" Id="863373e8-c382-4b75-ba6b-89e4fb21cc61" />
    <Project Path="SortingAndUnorderedMap/SortingAndUnorderedMap.vcxproj" Id="c601d501-1742-4b9b-99ee-1f4b1d5cc972" />
  </Folder>
  <Folder Name="/Library/">
    <Project Path="CustomLib/CustomLib.vcxproj" Id="bbd7b368-1f2c-4153-bd95-1f2d521df24b" />
  </Folder>
  <Folder Name="/Workshops/">
    <Project Path="MidtermReview/MidtermReview.vcxproj" Id="dd5656d3-7527-4dc8-a231-6c1c5f16d764" />
    <Project Path="Week2Exercises/Week2Exercises.vcxproj" Id="2a84c802-a2ba-4ce7-9f97-07ad76e030bd" />
    <Project Path="Week3Exercises/Week3Exercises.vcxproj" Id="a024fb0a-4d0b-4fc0-b105-35b311dda60c" />
    <Project Path="Week4Exercises/Week4Exercises.vcxproj" Id="cf4346b7-3e21-4dff-a286-9a1a253acd53" />
    <Project Path="Week5Exercises/Week5Exercises.vcxproj" Id="277e70a6-cd3b-4fc3-a3ab-3483a06c4ae9" />
    <Project Path="Week7Exercises/Week7Exercises.vcxproj" Id="6cda3a61-e95b-4da1-a8f0-3c6b8bb030d3" />
    <Project Path="Week8Exercises/Week8Exercises.vcxproj" Id="5d1271dd-34ac-4519-85bf-6b85f43aef45" />
    <Project Path="Week9Exercises/Week9Exercises.vcxproj" Id="88fa0a68-8d25-4b30-931b-f77e5b8a5374" />
  </Folder>
</Solution>
